# THIS IS AN AUTOGENERATED FILE. DO NOT EDIT THIS FILE DIRECTLY.
# yarn lockfile v1


"@ant-design/colors@^5.0.0":
  version "5.0.1"
  resolved "https://registry.yarnpkg.com/@ant-design/colors/-/colors-5.0.1.tgz#09670f2f44a7473d7bc01be901c48ec10f12c7a4"
  integrity sha512-x1TUaRILaqy3zgFNo+kIqOa3eTYPt81H1/3E4dCjDP4Qvk/xaPEizLDFdRUcIx0cWwyu2LklwfyLHWpbYK8v6A==
  dependencies:
    "@ctrl/tinycolor" "^3.3.1"

"@ant-design/icons-svg@^4.0.0":
  version "4.1.0"
  resolved "https://registry.yarnpkg.com/@ant-design/icons-svg/-/icons-svg-4.1.0.tgz#480b025f4b20ef7fe8f47d4a4846e4fee84ea06c"
  integrity sha512-Fi03PfuUqRs76aI3UWYpP864lkrfPo0hluwGqh7NJdLhvH4iRDc3jbJqZIvRDLHKbXrvAfPPV3+zjUccfFvWOQ==

"@ant-design/icons@^4.2.2":
  version "4.4.0"
  resolved "https://registry.yarnpkg.com/@ant-design/icons/-/icons-4.4.0.tgz#d4e4ba5910454e1d3f67a802d2aad9ee75a51dea"
  integrity sha512-+X44IouK56JbP3r7zM+Zoykv5wQlXBlxY0NTaFXGpiyYSS/Bh6HIo9aTF62QkSuDTqA3UpeNVTRFioKKRmkWDQ==
  dependencies:
    "@ant-design/colors" "^5.0.0"
    "@ant-design/icons-svg" "^4.0.0"
    "@babel/runtime" "^7.11.2"
    classnames "^2.2.6"
    insert-css "^2.0.0"
    rc-util "^5.0.1"

"@babel/helper-plugin-utils@^7.8.0":
  version "7.12.13"
  resolved "https://registry.yarnpkg.com/@babel/helper-plugin-utils/-/helper-plugin-utils-7.12.13.tgz#174254d0f2424d8aefb4dd48057511247b0a9eeb"
  integrity sha512-C+10MXCXJLiR6IeG9+Wiejt9jmtFpxUc3MQqCmPY8hfCjyUGl9kT+B2okzEZrtykiwrc4dbCPdDoz0A/HQbDaA==

"@babel/plugin-syntax-object-rest-spread@^7.8.3":
  version "7.8.3"
  resolved "https://registry.yarnpkg.com/@babel/plugin-syntax-object-rest-spread/-/plugin-syntax-object-rest-spread-7.8.3.tgz#60e225edcbd98a640332a2e72dd3e66f1af55871"
  integrity sha512-XoqMijGZb9y3y2XskN+P1wUGiVwWZ5JmoDRwx5+3GmEplNyVM2s2Dg8ILFQm8rWM48orGy5YpI5Bl8U1y7ydlA==
  dependencies:
    "@babel/helper-plugin-utils" "^7.8.0"

"@babel/runtime@^7.11.2", "@babel/runtime@^7.12.5":
  version "7.12.13"
  resolved "https://registry.yarnpkg.com/@babel/runtime/-/runtime-7.12.13.tgz#0a21452352b02542db0ffb928ac2d3ca7cb6d66d"
  integrity sha512-8+3UMPBrjFa/6TtKi/7sehPKqfAm4g6K+YQjyyFOLUTxzOngcRZTlAVY8sc2CORJYqdHQY8gRPHmn+qo15rCBw==
  dependencies:
    regenerator-runtime "^0.13.4"

"@ctrl/tinycolor@^3.3.1":
  version "3.3.4"
  resolved "https://registry.yarnpkg.com/@ctrl/tinycolor/-/tinycolor-3.3.4.tgz#59691edd031eedc431bda1bdf601257c06289a40"
  integrity sha512-8vmPV/nIULFDWsnJalQJDqFLC2uTPx6A/ASA2t27QGp+7oXnbWWXCe0uV8xasIH2rGbI/XoB2vmkdP/94WvMrw==

axios@^0.21.1:
  version "0.21.1"
  resolved "https://registry.yarnpkg.com/axios/-/axios-0.21.1.tgz#22563481962f4d6bde9a76d516ef0e5d3c09b2b8"
  integrity sha512-dKQiRHxGD9PPRIUNIWvZhPTPpl1rf/OxTYKsqKUDjBwYylTvV7SjSHJb9ratfyzM6wCdLCOYLzs73qpg5c4iGA==
  dependencies:
    follow-redirects "^1.10.0"

classnames@^2.2.6:
  version "2.2.6"
  resolved "https://registry.yarnpkg.com/classnames/-/classnames-2.2.6.tgz#43935bffdd291f326dad0a205309b38d00f650ce"
  integrity sha512-JR/iSQOSt+LQIWwrwEzJ9uk0xfN3mTVYMwt1Ir5mUcSN6pU+V4zQFFaJsclJbPuAUQH+yfWef6tm7l1quW3C8Q==

follow-redirects@^1.10.0:
  version "1.13.2"
  resolved "https://registry.yarnpkg.com/follow-redirects/-/follow-redirects-1.13.2.tgz#dd73c8effc12728ba5cf4259d760ea5fb83e3147"
  integrity sha512-6mPTgLxYm3r6Bkkg0vNM0HTjfGrOEtsfbhagQvbxDEsEkpNhw582upBaoRZylzen6krEmxXJgt9Ju6HiI4O7BA==

insert-css@^2.0.0:
  version "2.0.0"
  resolved "https://registry.yarnpkg.com/insert-css/-/insert-css-2.0.0.tgz#eb5d1097b7542f4c79ea3060d3aee07d053880f4"
  integrity sha1-610Ql7dUL0x56jBg067gfQU4gPQ=

"js-tokens@^3.0.0 || ^4.0.0":
  version "4.0.0"
  resolved "https://registry.yarnpkg.com/js-tokens/-/js-tokens-4.0.0.tgz#19203fb59991df98e3a287050d4647cdeaf32499"
  integrity sha512-RdJUflcE3cUzKiMqQgsCu06FPu9UdIJO0beYbPhHN4k6apgJtifcoCtT9bcxOpYBtpD2kCM6Sbzg4CausW/PKQ==

lodash.throttle@^4.1.1:
  version "4.1.1"
  resolved "https://registry.yarnpkg.com/lodash.throttle/-/lodash.throttle-4.1.1.tgz#c23e91b710242ac70c37f1e1cda9274cc39bf2f4"
  integrity sha1-wj6RtxAkKscMN/HhzaknTMOb8vQ=

lodash@^4.17.20:
  version "4.17.20"
  resolved "https://registry.yarnpkg.com/lodash/-/lodash-4.17.20.tgz#b44a9b6297bcb698f1c51a3545a2b3b368d59c52"
  integrity sha512-PlhdFcillOINfeV7Ni6oF1TAEayyZBoZ8bcshTHqOYJYlrqzRK5hagpagky5o4HfCzzd1TRkXPMFq6cKk9rGmA==

loose-envify@^1.4.0:
  version "1.4.0"
  resolved "https://registry.yarnpkg.com/loose-envify/-/loose-envify-1.4.0.tgz#71ee51fa7be4caec1a63839f7e682d8132d30caf"
  integrity sha512-lyuxPGr/Wfhrlem2CL/UcnUc1zcqKAImBDzukY7Y5F/yQiNdko6+fRLevlw1HgMySw7f611UIY408EtxRSoK3Q==
  dependencies:
    js-tokens "^3.0.0 || ^4.0.0"

object-assign@^4.1.1:
  version "4.1.1"
  resolved "https://registry.yarnpkg.com/object-assign/-/object-assign-4.1.1.tgz#2109adc7965887cfc05cbbd442cac8bfbb360863"
  integrity sha1-IQmtx5ZYh8/AXLvUQsrIv7s2CGM=

prop-types@^15.7.2:
  version "15.7.2"
  resolved "https://registry.yarnpkg.com/prop-types/-/prop-types-15.7.2.tgz#52c41e75b8c87e72b9d9360e0206b99dcbffa6c5"
  integrity sha512-8QQikdH7//R2vurIJSutZ1smHYTcLpRWEOlHnzcWHmBYrOGUysKwSsrC89BCiFj3CbrfJ/nXFdJepOVrY1GCHQ==
  dependencies:
    loose-envify "^1.4.0"
    object-assign "^4.1.1"
    react-is "^16.8.1"

rc-util@^5.0.1:
  version "5.7.0"
  resolved "https://registry.yarnpkg.com/rc-util/-/rc-util-5.7.0.tgz#776b14cf5bbfc24f419fd40c42ffadddda0718fc"
  integrity sha512-0hh5XkJ+vBDeMJsHElqT1ijMx+gC3gpClwQ10h/5hccrrgrMx8VUem183KLlH1YrWCfMMPmDXWWNnwsn+p6URw==
  dependencies:
    "@babel/runtime" "^7.12.5"
    react-is "^16.12.0"
    shallowequal "^1.1.0"

"react-chat-engine@link:..":
  version "0.0.0"
  uid ""

"react-dom@link:../node_modules/react-dom":
  version "0.0.0"
  uid ""

react-grid-system@^7.1.1:
  version "7.1.1"
  resolved "https://registry.yarnpkg.com/react-grid-system/-/react-grid-system-7.1.1.tgz#bab6770e889f7377c9a8ca3898126046af8d309e"
  integrity sha512-ttKTdme+eW0fyFX7LKQmc9M/ujHfs99Kiv5zgid7htdEPxUbjuBbEDgi1FaWwcciCgkRgBJguQ+WYqsGGJdGRw==
  dependencies:
    prop-types "^15.7.2"

react-is@^16.12.0, react-is@^16.8.1:
  version "16.13.1"
  resolved "https://registry.yarnpkg.com/react-is/-/react-is-16.13.1.tgz#789729a4dc36de2999dc156dd6c1d9c18cea56a4"
  integrity sha512-24e6ynE2H+OKt4kqsOvNd8kBpV65zoxbA4BVsEOB3ARVWQki/DHzaUoC5KuON/BiccDaCCTZBuOcfZs70kR8bQ==

"react-scripts@link:../node_modules/react-scripts":
  version "0.0.0"
  uid ""

react-scroll@^1.8.1:
  version "1.8.1"
  resolved "https://registry.yarnpkg.com/react-scroll/-/react-scroll-1.8.1.tgz#eb4052265f1606cf60855c981ebcfed1bc3beff3"
  integrity sha512-UAKmawFHn+c7x/DoXuHqOsQ5xwNk2Dxv7vP8Ft41K2hglPWkshcSos0tMTr8704UkFqImoUGzMTdN4vuZXoqbw==
  dependencies:
    lodash.throttle "^4.1.1"
    prop-types "^15.7.2"

react-websocket@^2.1.0:
  version "2.1.0"
  resolved "https://registry.yarnpkg.com/react-websocket/-/react-websocket-2.1.0.tgz#1150ce55aaa38e845f5711684266a823781ee2e4"
  integrity sha512-VstINrNXmp08aol9TQt1LZQgtzmad6CjTvEX8TYAFxU7K0ByMtDP7T2WMtgNEttWtPThVA7TDhHNu+fGTaAExQ==

"react@link:../node_modules/react":
  version "0.0.0"
  uid ""

regenerator-runtime@^0.13.4:
  version "0.13.7"
  resolved "https://registry.yarnpkg.com/regenerator-runtime/-/regenerator-runtime-0.13.7.tgz#cac2dacc8a1ea675feaabaeb8ae833898ae46f55"
  integrity sha512-a54FxoJDIr27pgf7IgeQGxmqUNYrcV338lf/6gH456HZ/PhX+5BcwHXG9ajESmwe6WRO0tAzRUrRmNONWgkrew==

shallowequal@^1.1.0:
  version "1.1.0"
  resolved "https://registry.yarnpkg.com/shallowequal/-/shallowequal-1.1.0.tgz#188d521de95b9087404fd4dcb68b13df0ae4e7f8"
  integrity sha512-y0m1JoUZSlPAjXVtPPW70aZWfIL/dSP7AFkRnniLCrK/8MDKog3TySTBmckD+RObVxH0v4Tox67+F14PdED2oQ==
